
Microsoft Visual Studio Solution File, Format Version 12.00
# Visual Studio Version 16
VisualStudioVersion = 16.0.33328.57
MinimumVisualStudioVersion = 10.0.40219.1
Project("{FAE04EC0-301F-11D3-BF4B-00C04F79EFBC}") = "Chess", "Chess\Chess.csproj", "{028AC0C4-BD78-4802-AC56-23F89B38433F}"
EndProject
Global
	GlobalSection(SolutionConfigurationPlatforms) = preSolution
		Debug|Any CPU = Debug|Any CPU
		Release|Any CPU = Release|Any CPU
	EndGlobalSection
	GlobalSection(ProjectConfigurationPlatforms) = postSolution
		{028AC0C4-BD78-4802-AC56-23F89B38433F}.Debug|Any CPU.ActiveCfg = Debug|Any CPU
		{028AC0C4-BD78-4802-AC56-23F89B38433F}.Debug|Any CPU.Build.0 = Debug|Any CPU
		{028AC0C4-BD78-4802-AC56-23F89B38433F}.Release|Any CPU.ActiveCfg = Release|Any CPU
		{028AC0C4-BD78-4802-AC56-23F89B38433F}.Release|Any CPU.Build.0 = Release|Any CPU
	EndGlobalSection
	GlobalSection(SolutionProperties) = preSolution
		HideSolutionNode = FALSE
	EndGlobalSection
	GlobalSection(ExtensibilityGlobals) = postSolution
		SolutionGuid = {88D774C7-B8AC-4653-BCF1-87D10EA601B0}
	EndGlobalSection
EndGlobal
